// !$*UTF8*$!
{
	archiveVersion = 1;
	classes = {
	};
	objectVersion = 50;
	objects = {

/* Begin PBXBuildFile section */
		FC66383525CA378B004E297D /* Petition.swift in Sources */ = {isa = PBXBuildFile; fileRef = FC66383425CA378B004E297D /* Petition.swift */; };
		FC66383825CA389A004E297D /* Petitions.swift in Sources */ = {isa = PBXBuildFile; fileRef = FC66383725CA389A004E297D /* Petitions.swift */; };
		FC66383C25CA3E39004E297D /* DetailViewController.swift in Sources */ = {isa = PBXBuildFile; fileRef = FC66383B25CA3E39004E297D /* DetailViewController.swift */; };
		FCCC4A5625CA2922009A6660 /* AppDelegate.swift in Sources */ = {isa = PBXBuildFile; fileRef = FCCC4A5525CA2922009A6660 /* AppDelegate.swift */; };
		FCCC4A5825CA2922009A6660 /* SceneDelegate.swift in Sources */ = {isa = PBXBuildFile; fileRef = FCCC4A5725CA2922009A6660 /* SceneDelegate.swift */; };
		FCCC4A5A25CA2922009A6660 /* ViewController.swift in Sources */ = {isa = PBXBuildFile; fileRef = FCCC4A5925CA2922009A6660 /* ViewController.swift */; };
		FCCC4A5D25CA2922009A6660 /* Main.storyboard in Resources */ = {isa = PBXBuildFile; fileRef = FCCC4A5B25CA2922009A6660 /* Main.storyboard */; };
		FCCC4A5F25CA2922009A6660 /* Assets.xcassets in Resources */ = {isa = PBXBuildFile; fileRef = FCCC4A5E25CA2922009A6660 /* Assets.xcassets */; };
		FCCC4A6225CA2922009A6660 /* LaunchScreen.storyboard in Resources */ = {isa = PBXBuildFile; fileRef = FCCC4A6025CA2922009A6660 /* LaunchScreen.storyboard */; };
/* End PBXBuildFile section */

/* Begin PBXFileReference section */
		FC66383425CA378B004E297D /* Petition.swift */ = {isa = PBXFileReference; lastKnownFileType = sourcecode.swift; path = Petition.swift; sourceTree = "<group>"; };
		FC66383725CA389A004E297D /* Petitions.swift */ = {isa = PBXFileReference; lastKnownFileType = sourcecode.swift; path = Petitions.swift; sourceTree = "<group>"; };
		FC66383B25CA3E39004E297D /* DetailViewController.swift */ = {isa = PBXFileReference; lastKnownFileType = sourcecode.swift; path = DetailViewController.swift; sourceTree = "<group>"; };
		FCCC4A5225CA2922009A6660 /* Project7.app */ = {isa = PBXFileReference; explicitFileType = wrapper.application; includeInIndex = 0; path = Project7.app; sourceTree = BUILT_PRODUCTS_DIR; };
		FCCC4A5525CA2922009A6660 /* AppDelegate.swift */ = {isa = PBXFileReference; lastKnownFileType = sourcecode.swift; path = AppDelegate.swift; sourceTree = "<group>"; };
		FCCC4A5725CA2922009A6660 /* SceneDelegate.swift */ = {isa = PBXFileReference; lastKnownFileType = sourcecode.swift; path = SceneDelegate.swift; sourceTree = "<group>"; };
		FCCC4A5925CA2922009A6660 /* ViewController.swift */ = {isa = PBXFileReference; lastKnownFileType = sourcecode.swift; path = ViewController.swift; sourceTree = "<group>"; };
		FCCC4A5C25CA2922009A6660 /* Base */ = {isa = PBXFileReference; lastKnownFileType = file.storyboard; name = Base; path = Base.lproj/Main.storyboard; sourceTree = "<group>"; };
		FCCC4A5E25CA2922009A6660 /* Assets.xcassets */ = {isa = PBXFileReference; lastKnownFileType = folder.assetcatalog; path = Assets.xcassets; sourceTree = "<group>"; };
		FCCC4A6125CA2922009A6660 /* Base */ = {isa = PBXFileReference; lastKnownFileType = file.storyboard; name = Base; path = Base.lproj/LaunchScreen.storyboard; sourceTree = "<group>"; };
		FCCC4A6325CA2922009A6660 /* Info.plist */ = {isa = PBXFileReference; lastKnownFileType = text.plist.xml; path = Info.plist; sourceTree = "<group>"; };
/* End PBXFileReference section */

/* Begin PBXFrameworksBuildPhase section */
		FCCC4A4F25CA2922009A6660 /* Frameworks */ = {
			isa = PBXFrameworksBuildPhase;
			buildActionMask = 2147483647;
			files = (
			);
			runOnlyForDeploymentPostprocessing = 0;
		};
/* End PBXFrameworksBuildPhase section */

/* Begin PBXGroup section */
		FCCC4A4925CA2921009A6660 = {
			isa = PBXGroup;
			children = (
				FCCC4A5425CA2922009A6660 /* Project7 */,
				FCCC4A5325CA2922009A6660 /* Products */,
			);
			sourceTree = "<group>";
		};
		FCCC4A5325CA2922009A6660 /* Products */ = {
			isa = PBXGroup;
			children = (
				FCCC4A5225CA2922009A6660 /* Project7.app */,
			);
			name = Products;
			sourceTree = "<group>";
		};
		FCCC4A5425CA2922009A6660 /* Project7 */ = {
			isa = PBXGroup;
			children = (
				FCCC4A5525CA2922009A6660 /* AppDelegate.swift */,
				FCCC4A5725CA2922009A6660 /* SceneDelegate.swift */,
				FCCC4A5925CA2922009A6660 /* ViewController.swift */,
				FC66383B25CA3E39004E297D /* DetailViewController.swift */,
				FC66383425CA378B004E297D /* Petition.swift */,
				FC66383725CA389A004E297D /* Petitions.swift */,
				FCCC4A5B25CA2922009A6660 /* Main.storyboard */,
				FCCC4A5E25CA2922009A6660 /* Assets.xcassets */,
				FCCC4A6025CA2922009A6660 /* LaunchScreen.storyboard */,
				FCCC4A6325CA2922009A6660 /* Info.plist */,
			);
			path = Project7;
			sourceTree = "<group>";
		};
/* End PBXGroup section */

/* Begin PBXNativeTarget section */
		FCCC4A5125CA2922009A6660 /* Project7 */ = {
			isa = PBXNativeTarget;
			buildConfigurationList = FCCC4A6625CA2922009A6660 /* Build configuration list for PBXNativeTarget "Project7" */;
			buildPhases = (
				FCCC4A4E25CA2922009A6660 /* Sources */,
				FCCC4A4F25CA2922009A6660 /* Frameworks */,
				FCCC4A5025CA2922009A6660 /* Resources */,
			);
			buildRules = (
			);
			dependencies = (
			);
			name = Project7;
			productName = Project7;
			productReference = FCCC4A5225CA2922009A6660 /* Project7.app */;
			productType = "com.apple.product-type.application";
		};
/* End PBXNativeTarget section */

/* Begin PBXProject section */
		FCCC4A4A25CA2921009A6660 /* Project object */ = {
			isa = PBXProject;
			attributes = {
				LastSwiftUpdateCheck = 1240;
				LastUpgradeCheck = 1240;
				TargetAttributes = {
					FCCC4A5125CA2922009A6660 = {
						CreatedOnToolsVersion = 12.4;
					};
				};
			};
			buildConfigurationList = FCCC4A4D25CA2921009A6660 /* Build configuration list for PBXProject "Project7" */;
			compatibilityVersion = "Xcode 9.3";
			developmentRegion = en;
			hasScannedForEncodings = 0;
			knownRegions = (
				en,
				Base,
			);
			mainGroup = FCCC4A4925CA2921009A6660;
			productRefGroup = FCCC4A5325CA2922009A6660 /* Products */;
			projectDirPath = "";
			projectRoot = "";
			targets = (
				FCCC4A5125CA2922009A6660 /* Project7 */,
			);
		};
/* End PBXProject section */

/* Begin PBXResourcesBuildPhase section */
		FCCC4A5025CA2922009A6660 /* Resources */ = {
			isa = PBXResourcesBuildPhase;
			buildActionMask = 2147483647;
			files = (
				FCCC4A6225CA2922009A6660 /* LaunchScreen.storyboard in Resources */,
				FCCC4A5F25CA2922009A6660 /* Assets.xcassets in Resources */,
				FCCC4A5D25CA2922009A6660 /* Main.storyboard in Resources */,
			);
			runOnlyForDeploymentPostprocessing = 0;
		};
/* End PBXResourcesBuildPhase section */

/* Begin PBXSourcesBuildPhase section */
		FCCC4A4E25CA2922009A6660 /* Sources */ = {
			isa = PBXSourcesBuildPhase;
			buildActionMask = 2147483647;
			files = (
				FCCC4A5A25CA2922009A6660 /* ViewController.swift in Sources */,
				FC66383525CA378B004E297D /* Petition.swift in Sources */,
				FCCC4A5625CA2922009A6660 /* AppDelegate.swift in Sources */,
				FC66383C25CA3E39004E297D /* DetailViewController.swift in Sources */,
				FCCC4A5825CA2922009A6660 /* SceneDelegate.swift in Sources */,
				FC66383825CA389A004E297D /* Petitions.swift in Sources */,
			);
			runOnlyForDeploymentPostprocessing = 0;
		};
/* End PBXSourcesBuildPhase section */

/* Begin PBXVariantGroup section */
		FCCC4A5B25CA2922009A6660 /* Main.storyboard */ = {
			isa = PBXVariantGroup;
			children = (
				FCCC4A5C25CA2922009A6660 /* Base */,
			);
			name = Main.storyboard;
			sourceTree = "<group>";
		};
		FCCC4A6025CA2922009A6660 /* LaunchScreen.storyboard */ = {
			isa = PBXVariantGroup;
			children = (
				FCCC4A6125CA2922009A6660 /* Base */,
			);
			name = LaunchScreen.storyboard;
			sourceTree = "<group>";
		};
/* End PBXVariantGroup section */

/* Begin XCBuildConfiguration section */
		FCCC4A6425CA2922009A6660 /* Debug */ = {
			isa = XCBuildConfiguration;
			buildSettings = {
				ALWAYS_SEARCH_USER_PATHS = NO;
				CLANG_ANALYZER_NONNULL = YES;
				CLANG_ANALYZER_NUMBER_OBJECT_CONVERSION = YES_AGGRESSIVE;
				CLANG_CXX_LANGUAGE_STANDARD = "gnu++14";
				CLANG_CXX_LIBRARY = "libc++";
				CLANG_ENABLE_MODULES = YES;
				CLANG_ENABLE_OBJC_ARC = YES;
				CLANG_ENABLE_OBJC_WEAK = YES;
				CLANG_WARN_BLOCK_CAPTURE_AUTORELEASING = YES;
				CLANG_WARN_BOOL_CONVERSION = YES;
				CLANG_WARN_COMMA = YES;
				CLANG_WARN_CONSTANT_CONVERSION = YES;
				CLANG_WARN_DEPRECATED_OBJC_IMPLEMENTATIONS = YES;
				CLANG_WARN_DIRECT_OBJC_ISA_USAGE = YES_ERROR;
				CLANG_WARN_DOCUMENTATION_COMMENTS = YES;
				CLANG_WARN_EMPTY_BODY = YES;
				CLANG_WARN_ENUM_CONVERSION = YES;
				CLANG_WARN_INFINITE_RECURSION = YES;
				CLANG_WARN_INT_CONVERSION = YES;
				CLANG_WARN_NON_LITERAL_NULL_CONVERSION = YES;
				CLANG_WARN_OBJC_IMPLICIT_RETAIN_SELF = YES;
				CLANG_WARN_OBJC_LITERAL_CONVERSION = YES;
				CLANG_WARN_OBJC_ROOT_CLASS = YES_ERROR;
				CLANG_WARN_QUOTED_INCLUDE_IN_FRAMEWORK_HEADER = YES;
				CLANG_WARN_RANGE_LOOP_ANALYSIS = YES;
				CLANG_WARN_STRICT_PROTOTYPES = YES;
				CLANG_WARN_SUSPICIOUS_MOVE = YES;
				CLANG_WARN_UNGUARDED_AVAILABILITY = YES_AGGRESSIVE;
				CLANG_WARN_UNREACHABLE_CODE = YES;
				CLANG_WARN__DUPLICATE_METHOD_MATCH = YES;
				COPY_PHASE_STRIP = NO;
				DEBUG_INFORMATION_FORMAT = dwarf;
				ENABLE_STRICT_OBJC_MSGSEND = YES;
				ENABLE_TESTABILITY = YES;
				GCC_C_LANGUAGE_STANDARD = gnu11;
				GCC_DYNAMIC_NO_PIC = NO;
				GCC_NO_COMMON_BLOCKS = YES;
				GCC_OPTIMIZATION_LEVEL = 0;
				GCC_PREPROCESSOR_DEFINITIONS = (
					"DEBUG=1",
					"$(inherited)",
				);
				GCC_WARN_64_TO_32_BIT_CONVERSION = YES;
				GCC_WARN_ABOUT_RETURN_TYPE = YES_ERROR;
				GCC_WARN_UNDECLARED_SELECTOR = YES;
				GCC_WARN_UNINITIALIZED_AUTOS = YES_AGGRESSIVE;
				GCC_WARN_UNUSED_FUNCTION = YES;
				GCC_WARN_UNUSED_VARIABLE = YES;
				IPHONEOS_DEPLOYMENT_TARGET = 14.4;
				MTL_ENABLE_DEBUG_INFO = INCLUDE_SOURCE;
				MTL_FAST_MATH = YES;
				ONLY_ACTIVE_ARCH = YES;
				SDKROOT = iphoneos;
				SWIFT_ACTIVE_COMPILATION_CONDITIONS = DEBUG;
				SWIFT_OPTIMIZATION_LEVEL = "-Onone";
			};
			name = Debug;
		};
		FCCC4A6525CA2922009A6660 /* Release */ = {
			isa = XCBuildConfiguration;
			buildSettings = {
				ALWAYS_SEARCH_USER_PATHS = NO;
				CLANG_ANALYZER_NONNULL = YES;
				CLANG_ANALYZER_NUMBER_OBJECT_CONVERSION = YES_AGGRESSIVE;
				CLANG_CXX_LANGUAGE_STANDARD = "gnu++14";
				CLANG_CXX_LIBRARY = "libc++";
				CLANG_ENABLE_MODULES = YES;
				CLANG_ENABLE_OBJC_ARC = YES;
				CLANG_ENABLE_OBJC_WEAK = YES;
				CLANG_WARN_BLOCK_CAPTURE_AUTORELEASING = YES;
				CLANG_WARN_BOOL_CONVERSION = YES;
				CLANG_WARN_COMMA = YES;
				CLANG_WARN_CONSTANT_CONVERSION = YES;
				CLANG_WARN_DEPRECATED_OBJC_IMPLEMENTATIONS = YES;
				CLANG_WARN_DIRECT_OBJC_ISA_USAGE = YES_ERROR;
				CLANG_WARN_DOCUMENTATION_COMMENTS = YES;
				CLANG_WARN_EMPTY_BODY = YES;
				CLANG_WARN_ENUM_CONVERSION = YES;
				CLANG_WARN_INFINITE_RECURSION = YES;
				CLANG_WARN_INT_CONVERSION = YES;
				CLANG_WARN_NON_LITERAL_NULL_CONVERSION = YES;
				CLANG_WARN_OBJC_IMPLICIT_RETAIN_SELF = YES;
				CLANG_WARN_OBJC_LITERAL_CONVERSION = YES;
				CLANG_WARN_OBJC_ROOT_CLASS = YES_ERROR;
				CLANG_WARN_QUOTED_INCLUDE_IN_FRAMEWORK_HEADER = YES;
				CLANG_WARN_RANGE_LOOP_ANALYSIS = YES;
				CLANG_WARN_STRICT_PROTOTYPES = YES;
				CLANG_WARN_SUSPICIOUS_MOVE = YES;
				CLANG_WARN_UNGUARDED_AVAILABILITY = YES_AGGRESSIVE;
				CLANG_WARN_UNREACHABLE_CODE = YES;
				CLANG_WARN__DUPLICATE_METHOD_MATCH = YES;
				COPY_PHASE_STRIP = NO;
				DEBUG_INFORMATION_FORMAT = "dwarf-with-dsym";
				ENABLE_NS_ASSERTIONS = NO;
				ENABLE_STRICT_OBJC_MSGSEND = YES;
				GCC_C_LANGUAGE_STANDARD = gnu11;
				GCC_NO_COMMON_BLOCKS = YES;
				GCC_WARN_64_TO_32_BIT_CONVERSION = YES;
				GCC_WARN_ABOUT_RETURN_TYPE = YES_ERROR;
				GCC_WARN_UNDECLARED_SELECTOR = YES;
				GCC_WARN_UNINITIALIZED_AUTOS = YES_AGGRESSIVE;
				GCC_WARN_UNUSED_FUNCTION = YES;
				GCC_WARN_UNUSED_VARIABLE = YES;
				IPHONEOS_DEPLOYMENT_TARGET = 14.4;
				MTL_ENABLE_DEBUG_INFO = NO;
				MTL_FAST_MATH = YES;
				SDKROOT = iphoneos;
				SWIFT_COMPILATION_MODE = wholemodule;
				SWIFT_OPTIMIZATION_LEVEL = "-O";
				VALIDATE_PRODUCT = YES;
			};
			name = Release;
		};
		FCCC4A6725CA2922009A6660 /* Debug */ = {
			isa = XCBuildConfiguration;
			buildSettings = {
				ASSETCATALOG_COMPILER_APPICON_NAME = AppIcon;
				ASSETCATALOG_COMPILER_GLOBAL_ACCENT_COLOR_NAME = AccentColor;
				CODE_SIGN_STYLE = Automatic;
				DEVELOPMENT_TEAM = P8V9Q4Q5LW;
				INFOPLIST_FILE = Project7/Info.plist;
				LD_RUNPATH_SEARCH_PATHS = (
					"$(inherited)",
					"@executable_path/Frameworks",
				);
				PRODUCT_BUNDLE_IDENTIFIER = dev.jongentry.Project7;
				PRODUCT_NAME = "$(TARGET_NAME)";
				SWIFT_VERSION = 5.0;
				TARGETED_DEVICE_FAMILY = "1,2";
			};
			name = Debug;
		};
		FCCC4A6825CA2922009A6660 /* Release */ = {
			isa = XCBuildConfiguration;
			buildSettings = {
				ASSETCATALOG_COMPILER_APPICON_NAME = AppIcon;
				ASSETCATALOG_COMPILER_GLOBAL_ACCENT_COLOR_NAME = AccentColor;
				CODE_SIGN_STYLE = Automatic;
				DEVELOPMENT_TEAM = P8V9Q4Q5LW;
				INFOPLIST_FILE = Project7/Info.plist;
				LD_RUNPATH_SEARCH_PATHS = (
					"$(inherited)",
					"@executable_path/Frameworks",
				);
				PRODUCT_BUNDLE_IDENTIFIER = dev.jongentry.Project7;
				PRODUCT_NAME = "$(TARGET_NAME)";
				SWIFT_VERSION = 5.0;
				TARGETED_DEVICE_FAMILY = "1,2";
			};
			name = Release;
		};
/* End XCBuildConfiguration section */

/* Begin XCConfigurationList section */
		FCCC4A4D25CA2921009A6660 /* Build configuration list for PBXProject "Project7" */ = {
			isa = XCConfigurationList;
			buildConfigurations = (
				FCCC4A6425CA2922009A6660 /* Debug */,
				FCCC4A6525CA2922009A6660 /* Release */,
			);
			defaultConfigurationIsVisible = 0;
			defaultConfigurationName = Release;
		};
		FCCC4A6625CA2922009A6660 /* Build configuration list for PBXNativeTarget "Project7" */ = {
			isa = XCConfigurationList;
			buildConfigurations = (
				FCCC4A6725CA2922009A6660 /* Debug */,
				FCCC4A6825CA2922009A6660 /* Release */,
			);
			defaultConfigurationIsVisible = 0;
			defaultConfigurationName = Release;
		};
/* End XCConfigurationList section */
	};
	rootObject = FCCC4A4A25CA2921009A6660 /* Project object */;
}
